{
  "name": "blueprint",
  "lockfileVersion": 3,
  "requires": true,
  "packages": {
    "": {
      "dependencies": {
        "@js-joda/core": "3.2.0",
        "@js-joda/timezone": "2.8.0",
        "axe-core": "4.7.0",
        "big.js": "6.1.1"
      }
    },
    "node_modules/@js-joda/core": {
      "version": "3.2.0",
      "resolved": "https://registry.npmjs.org/@js-joda/core/-/core-3.2.0.tgz",
      "integrity": "sha512-PMqgJ0sw5B7FKb2d5bWYIoxjri+QlW/Pys7+Rw82jSH0QN3rB05jZ/VrrsUdh1w4+i2kw9JOejXGq/KhDOX7Kg=="
    },
    "node_modules/@js-joda/timezone": {
      "version": "2.8.0",
      "resolved": "https://registry.npmjs.org/@js-joda/timezone/-/timezone-2.8.0.tgz",
      "integrity": "sha512-ewNYIveVviDztEnVtyPvJsrhIlut5jO73HB5SVss2ErmannjENOaNMjeuVsQ5+XSc+x3PpKT2eyCF0SJSPxr3g==",
      "peerDependencies": {
        "@js-joda/core": ">=1.11.0"
      }
    },
    "node_modules/axe-core": {
      "version": "4.7.0",
      "resolved": "https://registry.npmjs.org/axe-core/-/axe-core-4.7.0.tgz",
      "integrity": "sha512-M0JtH+hlOL5pLQwHOLNYZaXuhqmvS8oExsqB1SBYgA4Dk7u/xx+YdGHXaK5pyUfed5mYXdlYiphWq3G8cRi5JQ==",
      "engines": {
        "node": ">=4"
      }
    },
    "node_modules/big.js": {
      "version": "6.1.1",
      "resolved": "https://registry.npmjs.org/big.js/-/big.js-6.1.1.tgz",
      "integrity": "sha512-1vObw81a8ylZO5ePrtMay0n018TcftpTA5HFKDaSuiUDBo8biRBtjIobw60OpwuvrGk+FsxKamqN4cnmj/eXdg==",
      "engines": {
        "node": "*"
      },
      "funding": {
        "type": "opencollective",
        "url": "https://opencollective.com/bigjs"
      }
    }
  }
}
